
Microsoft Visual Studio Solution File, Format Version 12.00
# Visual Studio Version 16
VisualStudioVersion = 16.0.33529.622
MinimumVisualStudioVersion = 10.0.40219.1
Project("{FAE04EC0-301F-11D3-BF4B-00C04F79EFBC}") = "Corner Grocery Item Tracking", "Corner Grocery Item Tracking.csproj", "{C26AF16A-E975-434F-972A-D19C4554EF10}"
EndProject
Project("{2150E333-8FDC-42A3-9474-1A3956D46DE8}") = "Solution Items", "Solution Items", "{1FC05F11-14DA-4489-99BF-73031AEFABF3}"
	ProjectSection(SolutionItems) = preProject
		TextFile1.txt = TextFile1.txt
	EndProjectSection
EndProject
Global
	GlobalSection(SolutionConfigurationPlatforms) = preSolution
		Debug|Any CPU = Debug|Any CPU
		Release|Any CPU = Release|Any CPU
	EndGlobalSection
	GlobalSection(ProjectConfigurationPlatforms) = postSolution
		{C26AF16A-E975-434F-972A-D19C4554EF10}.Debug|Any CPU.ActiveCfg = Debug|Any CPU
		{C26AF16A-E975-434F-972A-D19C4554EF10}.Debug|Any CPU.Build.0 = Debug|Any CPU
		{C26AF16A-E975-434F-972A-D19C4554EF10}.Release|Any CPU.ActiveCfg = Release|Any CPU
		{C26AF16A-E975-434F-972A-D19C4554EF10}.Release|Any CPU.Build.0 = Release|Any CPU
	EndGlobalSection
	GlobalSection(SolutionProperties) = preSolution
		HideSolutionNode = FALSE
	EndGlobalSection
	GlobalSection(ExtensibilityGlobals) = postSolution
		SolutionGuid = {865E5BDD-66DB-4489-8262-1739773ABAAD}
	EndGlobalSection
EndGlobal
